
Microsoft Visual Studio Solution File, Format Version 12.00
# Visual Studio Version 17
VisualStudioVersion = 17.5.33530.505
MinimumVisualStudioVersion = 10.0.40219.1
Project("{9A19103F-16F7-4668-BE54-9A1E7A4F7556}") = "Domain", "Domain\Domain.csproj", "{1966A3A9-EFDC-4009-B47E-31CA3DD39C64}"
EndProject
Project("{9A19103F-16F7-4668-BE54-9A1E7A4F7556}") = "Application", "Application\Application.csproj", "{3BD385C2-20D2-4FB0-A100-4D2E002A29C8}"
EndProject
Project("{9A19103F-16F7-4668-BE54-9A1E7A4F7556}") = "Infra", "Infra\Infra.csproj", "{BE4BE286-2D80-4FE8-BD34-61FFA4695942}"
EndProject
Project("{9A19103F-16F7-4668-BE54-9A1E7A4F7556}") = "Web", "Web\Web.csproj", "{EB487D0C-4CB2-414D-81C7-CAC78393DD75}"
	ProjectSection(ProjectDependencies) = postProject
		{3BD385C2-20D2-4FB0-A100-4D2E002A29C8} = {3BD385C2-20D2-4FB0-A100-4D2E002A29C8}
	EndProjectSection
EndProject
Global
	GlobalSection(SolutionConfigurationPlatforms) = preSolution
		Debug|Any CPU = Debug|Any CPU
		Release|Any CPU = Release|Any CPU
	EndGlobalSection
	GlobalSection(ProjectConfigurationPlatforms) = postSolution
		{1966A3A9-EFDC-4009-B47E-31CA3DD39C64}.Debug|Any CPU.ActiveCfg = Debug|Any CPU
		{1966A3A9-EFDC-4009-B47E-31CA3DD39C64}.Debug|Any CPU.Build.0 = Debug|Any CPU
		{1966A3A9-EFDC-4009-B47E-31CA3DD39C64}.Release|Any CPU.ActiveCfg = Release|Any CPU
		{1966A3A9-EFDC-4009-B47E-31CA3DD39C64}.Release|Any CPU.Build.0 = Release|Any CPU
		{3BD385C2-20D2-4FB0-A100-4D2E002A29C8}.Debug|Any CPU.ActiveCfg = Debug|Any CPU
		{3BD385C2-20D2-4FB0-A100-4D2E002A29C8}.Debug|Any CPU.Build.0 = Debug|Any CPU
		{3BD385C2-20D2-4FB0-A100-4D2E002A29C8}.Release|Any CPU.ActiveCfg = Release|Any CPU
		{3BD385C2-20D2-4FB0-A100-4D2E002A29C8}.Release|Any CPU.Build.0 = Release|Any CPU
		{BE4BE286-2D80-4FE8-BD34-61FFA4695942}.Debug|Any CPU.ActiveCfg = Debug|Any CPU
		{BE4BE286-2D80-4FE8-BD34-61FFA4695942}.Debug|Any CPU.Build.0 = Debug|Any CPU
		{BE4BE286-2D80-4FE8-BD34-61FFA4695942}.Release|Any CPU.ActiveCfg = Release|Any CPU
		{BE4BE286-2D80-4FE8-BD34-61FFA4695942}.Release|Any CPU.Build.0 = Release|Any CPU
		{EB487D0C-4CB2-414D-81C7-CAC78393DD75}.Debug|Any CPU.ActiveCfg = Debug|Any CPU
		{EB487D0C-4CB2-414D-81C7-CAC78393DD75}.Debug|Any CPU.Build.0 = Debug|Any CPU
		{EB487D0C-4CB2-414D-81C7-CAC78393DD75}.Release|Any CPU.ActiveCfg = Release|Any CPU
		{EB487D0C-4CB2-414D-81C7-CAC78393DD75}.Release|Any CPU.Build.0 = Release|Any CPU
	EndGlobalSection
	GlobalSection(SolutionProperties) = preSolution
		HideSolutionNode = FALSE
	EndGlobalSection
	GlobalSection(ExtensibilityGlobals) = postSolution
		SolutionGuid = {AFADCF5C-F176-4C46-8B4C-6E943DA7AF64}
	EndGlobalSection
EndGlobal
